
Microsoft Visual Studio Solution File, Format Version 12.00
# Visual Studio Version 17
VisualStudioVersion = 17.6.33829.357
MinimumVisualStudioVersion = 10.0.40219.1
Project("{FAE04EC0-301F-11D3-BF4B-00C04F79EFBC}") = "YBS", "YBS\YBS.csproj", "{B7C3A4B7-A111-4909-B54D-24F04BC7FC44}"
EndProject
Global
	GlobalSection(SolutionConfigurationPlatforms) = preSolution
		Debug|Any CPU = Debug|Any CPU
		Release|Any CPU = Release|Any CPU
	EndGlobalSection
	GlobalSection(ProjectConfigurationPlatforms) = postSolution
		{B7C3A4B7-A111-4909-B54D-24F04BC7FC44}.Debug|Any CPU.ActiveCfg = Debug|Any CPU
		{B7C3A4B7-A111-4909-B54D-24F04BC7FC44}.Debug|Any CPU.Build.0 = Debug|Any CPU
		{B7C3A4B7-A111-4909-B54D-24F04BC7FC44}.Release|Any CPU.ActiveCfg = Release|Any CPU
		{B7C3A4B7-A111-4909-B54D-24F04BC7FC44}.Release|Any CPU.Build.0 = Release|Any CPU
	EndGlobalSection
	GlobalSection(SolutionProperties) = preSolution
		HideSolutionNode = FALSE
	EndGlobalSection
	GlobalSection(ExtensibilityGlobals) = postSolution
		SolutionGuid = {2D20D33B-EA25-4144-B8A9-3176269BBC15}
	EndGlobalSection
EndGlobal
